PODS:
  - IIAOPNBP (0.6.0):
    - IISwiftBaseUti
  - IISwiftBaseUti (1.1.2):
    - IISwiftBaseUti/IIBaseUti (= 1.1.2)
    - IISwiftBaseUti/IICoreExtension (= 1.1.2)
    - SnapKit (~> 4.2.0)
  - IISwiftBaseUti/IIBaseUti (1.1.2):
    - SnapKit (~> 4.2.0)
  - IISwiftBaseUti/IICoreExtension (1.1.2):
    - SnapKit (~> 4.2.0)
  - SnapKit (4.2.0)

DEPENDENCIES:
  - IIAOPNBP (from `../`)

SPEC REPOS:
  https://github.com/cocoapods/specs.git:
    - IISwiftBaseUti
    - SnapKit

EXTERNAL SOURCES:
  IIAOPNBP:
    :path: "../"

SPEC CHECKSUMS:
  IIAOPNBP: 9af2467f1a20f20309cc13f85c50008e6e458809
  IISwiftBaseUti: cdc47a871dc3d08078d5b65e502b469aab3be58c
  SnapKit: fe8a619752f3f27075cc9a90244d75c6c3f27e2a

PODFILE CHECKSUM: ae570086164a4071fec3bd9e51a1e755eef42a7e

COCOAPODS: 1.6.0.beta.2
