PODS:
  - Aspects (1.4.1)
  - IIAOPNBP (0.1.0):
    - Aspects
    - IIAOPNBP/AOPMmapNBPUTCore (= 0.1.0)
    - IIAOPNBP/IIPitching (= 0.1.0)
    - IISwiftBaseUti
  - IIAOPNBP/AOPMmapNBPUTCore (0.1.0):
    - Aspects
    - IISwiftBaseUti
  - IIAOPNBP/IIPitching (0.1.0):
    - Aspects
    - IISwiftBaseUti
  - IISwiftBaseUti (1.1.2):
    - IISwiftBaseUti/IIBaseUti (= 1.1.2)
    - IISwiftBaseUti/IICoreExtension (= 1.1.2)
    - SnapKit (~> 4.2.0)
  - IISwiftBaseUti/IIBaseUti (1.1.2):
    - SnapKit (~> 4.2.0)
  - IISwiftBaseUti/IICoreExtension (1.1.2):
    - SnapKit (~> 4.2.0)
  - SnapKit (4.2.0)

DEPENDENCIES:
  - IIAOPNBP (from `../`)

SPEC REPOS:
  https://github.com/cocoapods/specs.git:
    - Aspects
    - IISwiftBaseUti
    - SnapKit

EXTERNAL SOURCES:
  IIAOPNBP:
    :path: "../"

SPEC CHECKSUMS:
  Aspects: 7595ba96a6727a58ebcbfc954497fc5d2fdde546
  IIAOPNBP: 9c666830aeb1f5b354a9eab39c790c921afbf62d
  IISwiftBaseUti: cdc47a871dc3d08078d5b65e502b469aab3be58c
  SnapKit: fe8a619752f3f27075cc9a90244d75c6c3f27e2a

PODFILE CHECKSUM: ae570086164a4071fec3bd9e51a1e755eef42a7e

COCOAPODS: 1.6.0.beta.2
